version = 1
revision = 3
requires-python = ">=3.12"

[[package]]
name = "feedparser"
version = "6.0.14"
source = { registry = "https://pypi.org/simple" }
dependencies = [
    { name = "feedparser-sgmllib" },
]
sdist = { url = "https://files.pythonhosted.org/packages/37/8a/a53da4a77352045d277978a2df322d5379369f9deb1707178899ff7e1121/feedparser-6.0.14.tar.gz", hash = "sha256:088679b0c4b543ee211a820dd544698c76a402122eae7473c04a43425f283d06", size = 286108, upload-time = "2026-07-30T14:07:40.491Z" }
wheels = [
    { url = "https://files.pythonhosted.org/packages/7f/61/f04912e63702e73fb2a378f9c0a1ad9eb17a334a11a6b3fe1daa593903c2/feedparser-6.0.14-py3-none-any.whl", hash = "sha256:e35e3f760151b0c3b22cac9684155cae186a233e16c49bcbc6c49e91e3131137", size = 80668, upload-time = "2026-07-30T14:07:39.175Z" },
]

[[package]]
name = "feedparser-sgmllib"
version = "2.1.0"
source = { registry = "https://pypi.org/simple" }
sdist = { url = "https://files.pythonhosted.org/packages/da/df/38596299216e5c22d60ed7f97902bb2bc72cfb95f732400f4fa976fd2e62/feedparser_sgmllib-2.1.0.tar.gz", hash = "sha256:61facf2918c4389b5b00714f76c5e03431ffcd94cd1f51d657edd6cd7c396579", size = 26845, upload-time = "2026-08-02T21:27:53.891Z" }
wheels = [
    { url = "https://files.pythonhosted.org/packages/85/a0/79a31f898092e145bd66e2b338fb0656979acb2bbbcae8220940fbfcd820/feedparser_sgmllib-2.1.0-py3-none-any.whl", hash = "sha256:2cab2d43b95a954f920f18aebce7a4dbbb3f539780b127e2aa114f579821e01d", size = 11652, upload-time = "2026-08-02T21:27:52.894Z" },
]

[[package]]
name = "python-dotenv"
version = "1.2.3"
source = { registry = "https://pypi.org/simple" }
sdist = { url = "https://files.pythonhosted.org/packages/6a/53/ed9d74092561d4b01a2ef1349d52cdbc135e526c245f366b089cfca6de49/python_dotenv-1.2.3.tar.gz", hash = "sha256:a20a594dabeaa385725aa239d5244871c143ecb356add8a20fcf23773a6c3a35", size = 58945, upload-time = "2026-08-16T16:54:54.067Z" }
wheels = [
    { url = "https://files.pythonhosted.org/packages/0d/17/c5c6b53ddc18f297992099b3d9ec16c855c0ccc83263a21fe4d1c625ec6c/python_dotenv-1.2.3-py3-none-any.whl", hash = "sha256:904552145e8bfed22162c09dab1c2b9b54fefa7b23ba780f4f26ca0316b0f0d9", size = 22780, upload-time = "2026-08-16T16:54:52.473Z" },
]

[[package]]
name = "reddit-mcp"
version = "0.1.0"
source = { virtual = "." }
dependencies = [
    { name = "feedparser" },
    { name = "python-dotenv" },
]

[package.metadata]
requires-dist = [
    { name = "feedparser", specifier = ">=6.0.14" },
    { name = "python-dotenv", specifier = ">=1.2.3" },
]
